
Microsoft Visual Studio Solution File, Format Version 12.00
# Visual Studio Version 17
VisualStudioVersion = 17.7.34024.191
MinimumVisualStudioVersion = 10.0.40219.1
Project("{9A19103F-16F7-4668-BE54-9A1E7A4F7556}") = "ContactBookApi", "ContactBookApi\ContactBookApi.csproj", "{CA04A2A3-3BB7-46BF-A24A-DF9AA5874AB0}"
EndProject
Project("{2150E333-8FDC-42A3-9474-1A3956D46DE8}") = "00-Info", "00-Info", "{8FC6ECD5-DAB0-4239-BD1B-466317A915A5}"
	ProjectSection(SolutionItems) = preProject
		..\README.md = ..\README.md
	EndProjectSection
EndProject
Project("{2150E333-8FDC-42A3-9474-1A3956D46DE8}") = "01-Unit Tests", "01-Unit Tests", "{C3A8C74E-9986-413D-9613-23FD53989395}"
EndProject
Project("{9A19103F-16F7-4668-BE54-9A1E7A4F7556}") = "ContactBookApi.Tests", "ContactBookApi.Tests\ContactBookApi.Tests.csproj", "{B8132031-A9CD-4E4A-AD8F-C2073A19FF63}"
EndProject
Project("{2150E333-8FDC-42A3-9474-1A3956D46DE8}") = "02-Domain and EF Persistence", "02-Domain and EF Persistence", "{BF120EE2-2B7A-412E-9525-F672D69E3000}"
EndProject
Project("{9A19103F-16F7-4668-BE54-9A1E7A4F7556}") = "ContactBook.Entities", "ContactBook.Entities\ContactBook.Entities.csproj", "{53432B80-7146-4AF8-93EF-5F7F240A9C1A}"
EndProject
Project("{2150E333-8FDC-42A3-9474-1A3956D46DE8}") = "03-Infra", "03-Infra", "{6074C6E3-3146-490D-8320-3F220CEE2C36}"
EndProject
Project("{9A19103F-16F7-4668-BE54-9A1E7A4F7556}") = "ContactBook.EFCore.Persistence", "ContactBook.EFCore.Persistence\ContactBook.EFCore.Persistence.csproj", "{6503D564-8032-4012-BCB4-B9E9130DDA04}"
EndProject
Project("{FAE04EC0-301F-11D3-BF4B-00C04F79EFBC}") = "ContactBook.Application", "ContactBook.Application\ContactBook.Application.csproj", "{BD875B85-261E-4C68-BB42-6BA6C1E2B628}"
EndProject
Global
	GlobalSection(SolutionConfigurationPlatforms) = preSolution
		Debug|Any CPU = Debug|Any CPU
		Release|Any CPU = Release|Any CPU
	EndGlobalSection
	GlobalSection(ProjectConfigurationPlatforms) = postSolution
		{CA04A2A3-3BB7-46BF-A24A-DF9AA5874AB0}.Debug|Any CPU.ActiveCfg = Debug|Any CPU
		{CA04A2A3-3BB7-46BF-A24A-DF9AA5874AB0}.Debug|Any CPU.Build.0 = Debug|Any CPU
		{CA04A2A3-3BB7-46BF-A24A-DF9AA5874AB0}.Release|Any CPU.ActiveCfg = Release|Any CPU
		{CA04A2A3-3BB7-46BF-A24A-DF9AA5874AB0}.Release|Any CPU.Build.0 = Release|Any CPU
		{B8132031-A9CD-4E4A-AD8F-C2073A19FF63}.Debug|Any CPU.ActiveCfg = Debug|Any CPU
		{B8132031-A9CD-4E4A-AD8F-C2073A19FF63}.Debug|Any CPU.Build.0 = Debug|Any CPU
		{B8132031-A9CD-4E4A-AD8F-C2073A19FF63}.Release|Any CPU.ActiveCfg = Release|Any CPU
		{B8132031-A9CD-4E4A-AD8F-C2073A19FF63}.Release|Any CPU.Build.0 = Release|Any CPU
		{53432B80-7146-4AF8-93EF-5F7F240A9C1A}.Debug|Any CPU.ActiveCfg = Debug|Any CPU
		{53432B80-7146-4AF8-93EF-5F7F240A9C1A}.Debug|Any CPU.Build.0 = Debug|Any CPU
		{53432B80-7146-4AF8-93EF-5F7F240A9C1A}.Release|Any CPU.ActiveCfg = Release|Any CPU
		{53432B80-7146-4AF8-93EF-5F7F240A9C1A}.Release|Any CPU.Build.0 = Release|Any CPU
		{6503D564-8032-4012-BCB4-B9E9130DDA04}.Debug|Any CPU.ActiveCfg = Debug|Any CPU
		{6503D564-8032-4012-BCB4-B9E9130DDA04}.Debug|Any CPU.Build.0 = Debug|Any CPU
		{6503D564-8032-4012-BCB4-B9E9130DDA04}.Release|Any CPU.ActiveCfg = Release|Any CPU
		{6503D564-8032-4012-BCB4-B9E9130DDA04}.Release|Any CPU.Build.0 = Release|Any CPU
		{BD875B85-261E-4C68-BB42-6BA6C1E2B628}.Debug|Any CPU.ActiveCfg = Debug|Any CPU
		{BD875B85-261E-4C68-BB42-6BA6C1E2B628}.Debug|Any CPU.Build.0 = Debug|Any CPU
		{BD875B85-261E-4C68-BB42-6BA6C1E2B628}.Release|Any CPU.ActiveCfg = Release|Any CPU
		{BD875B85-261E-4C68-BB42-6BA6C1E2B628}.Release|Any CPU.Build.0 = Release|Any CPU
	EndGlobalSection
	GlobalSection(SolutionProperties) = preSolution
		HideSolutionNode = FALSE
	EndGlobalSection
	GlobalSection(NestedProjects) = preSolution
		{B8132031-A9CD-4E4A-AD8F-C2073A19FF63} = {C3A8C74E-9986-413D-9613-23FD53989395}
		{53432B80-7146-4AF8-93EF-5F7F240A9C1A} = {BF120EE2-2B7A-412E-9525-F672D69E3000}
		{6503D564-8032-4012-BCB4-B9E9130DDA04} = {BF120EE2-2B7A-412E-9525-F672D69E3000}
		{BD875B85-261E-4C68-BB42-6BA6C1E2B628} = {BF120EE2-2B7A-412E-9525-F672D69E3000}
	EndGlobalSection
	GlobalSection(ExtensibilityGlobals) = postSolution
		SolutionGuid = {7B4EB244-4E38-44CA-8CED-0F5DB5B5B3E9}
	EndGlobalSection
EndGlobal
